
Microsoft Visual Studio Solution File, Format Version 12.00
Project("{FAE04EC0-301F-11D3-BF4B-00C04F79EFBC}") = "StatusQuo.Api", "StatusQuo.Api\StatusQuo.Api.csproj", "{B0CF856E-0CC3-4EEA-BCC8-4F202C2A73C4}"
EndProject
Global
	GlobalSection(SolutionConfigurationPlatforms) = preSolution
		Debug|Any CPU = Debug|Any CPU
		Release|Any CPU = Release|Any CPU
	EndGlobalSection
	GlobalSection(ProjectConfigurationPlatforms) = postSolution
		{B0CF856E-0CC3-4EEA-BCC8-4F202C2A73C4}.Debug|Any CPU.ActiveCfg = Debug|Any CPU
		{B0CF856E-0CC3-4EEA-BCC8-4F202C2A73C4}.Debug|Any CPU.Build.0 = Debug|Any CPU
		{B0CF856E-0CC3-4EEA-BCC8-4F202C2A73C4}.Release|Any CPU.ActiveCfg = Release|Any CPU
		{B0CF856E-0CC3-4EEA-BCC8-4F202C2A73C4}.Release|Any CPU.Build.0 = Release|Any CPU
	EndGlobalSection
EndGlobal
